dependencies:
- name: pgvector
  repository: https://rh-ai-quickstart.github.io/ai-architecture-charts
  version: 0.5.5
- name: llm-service
  repository: https://rh-ai-quickstart.github.io/ai-architecture-charts
  version: 0.5.9
- name: configure-pipeline
  repository: https://rh-ai-quickstart.github.io/ai-architecture-charts
  version: 0.5.7
- name: ingestion-pipeline
  repository: https://rh-ai-quickstart.github.io/ai-architecture-charts
  version: 0.7.3
- name: llama-stack
  repository: https://rh-ai-quickstart.github.io/ai-architecture-charts
  version: 0.7.3
- name: mcp-servers
  repository: https://rh-ai-quickstart.github.io/ai-architecture-charts
  version: 0.5.15
digest: sha256:91ce7975cc61f2fdfcde4a7b5743eb3496d9017638e2c7e127cc538f408283bb
generated: "2026-04-07T18:06:12.425737+02:00"
