dependencies:
- name: pgvector
  repository: https://rh-ai-quickstart.github.io/ai-architecture-charts
  version: 0.5.5
- name: llm-service
  repository: https://rh-ai-quickstart.github.io/ai-architecture-charts
  version: 0.5.9
- name: configure-pipeline
  repository: https://rh-ai-quickstart.github.io/ai-architecture-charts
  version: 0.5.7
- name: ingestion-pipeline
  repository: https://rh-ai-quickstart.github.io/ai-architecture-charts
  version: 0.7.4
- name: llama-stack
  repository: https://rh-ai-quickstart.github.io/ai-architecture-charts
  version: 0.7.3
- name: mcp-servers
  repository: https://rh-ai-quickstart.github.io/ai-architecture-charts
  version: 0.5.15
digest: sha256:58ad2663a8435d7d29b67670dd0deb209508a31020333b7be9501a515580f458
generated: "2026-04-22T09:51:53.961068-04:00"
